
Microsoft Visual Studio Solution File, Format Version 12.00
# Visual Studio Version 16
VisualStudioVersion = 16.0.31911.196
MinimumVisualStudioVersion = 10.0.40219.1
Project("{FAE04EC0-301F-11D3-BF4B-00C04F79EFBC}") = "ServiceWCF-P1", "ServiceWCF-P1\ServiceWCF-P1.csproj", "{4C3DE45B-76CD-42B5-906D-B18BAC77DA0B}"
EndProject
Global
	GlobalSection(SolutionConfigurationPlatforms) = preSolution
		Debug|Any CPU = Debug|Any CPU
		Release|Any CPU = Release|Any CPU
	EndGlobalSection
	GlobalSection(ProjectConfigurationPlatforms) = postSolution
		{4C3DE45B-76CD-42B5-906D-B18BAC77DA0B}.Debug|Any CPU.ActiveCfg = Debug|Any CPU
		{4C3DE45B-76CD-42B5-906D-B18BAC77DA0B}.Debug|Any CPU.Build.0 = Debug|Any CPU
		{4C3DE45B-76CD-42B5-906D-B18BAC77DA0B}.Release|Any CPU.ActiveCfg = Release|Any CPU
		{4C3DE45B-76CD-42B5-906D-B18BAC77DA0B}.Release|Any CPU.Build.0 = Release|Any CPU
	EndGlobalSection
	GlobalSection(SolutionProperties) = preSolution
		HideSolutionNode = FALSE
	EndGlobalSection
	GlobalSection(ExtensibilityGlobals) = postSolution
		SolutionGuid = {49D97A59-751C-4D98-8D89-EC70F2F1DE24}
	EndGlobalSection
EndGlobal
